
Microsoft Visual Studio Solution File, Format Version 12.00
# Visual Studio Version 17
VisualStudioVersion = 17.10.35013.160
MinimumVisualStudioVersion = 10.0.40219.1
Project("{FAE04EC0-301F-11D3-BF4B-00C04F79EFBC}") = "WpfApp1", "WpfApp1.csproj", "{1E513374-1621-4C78-BAB4-D3BA75203518}"
EndProject
Global
	GlobalSection(SolutionConfigurationPlatforms) = preSolution
		Debug|Any CPU = Debug|Any CPU
		Release|Any CPU = Release|Any CPU
	EndGlobalSection
	GlobalSection(ProjectConfigurationPlatforms) = postSolution
		{1E513374-1621-4C78-BAB4-D3BA75203518}.Debug|Any CPU.ActiveCfg = Debug|Any CPU
		{1E513374-1621-4C78-BAB4-D3BA75203518}.Debug|Any CPU.Build.0 = Debug|Any CPU
		{1E513374-1621-4C78-BAB4-D3BA75203518}.Release|Any CPU.ActiveCfg = Release|Any CPU
		{1E513374-1621-4C78-BAB4-D3BA75203518}.Release|Any CPU.Build.0 = Release|Any CPU
	EndGlobalSection
	GlobalSection(SolutionProperties) = preSolution
		HideSolutionNode = FALSE
	EndGlobalSection
	GlobalSection(ExtensibilityGlobals) = postSolution
		SolutionGuid = {6DBFD2A5-26CC-4E89-8C8C-0DF2B29A01A1}
	EndGlobalSection
EndGlobal
